
Microsoft Visual Studio Solution File, Format Version 12.00
# Visual Studio Version 16
VisualStudioVersion = 16.0.30413.136
MinimumVisualStudioVersion = 10.0.40219.1
Project("{9A19103F-16F7-4668-BE54-9A1E7A4F7556}") = "Core", "..\..\Kodlama.io\2.Hafta\FinalProject\Core\Core.csproj", "{B7B8C21C-10F9-43F3-8665-5E3E50D37FB4}"
EndProject
Project("{9A19103F-16F7-4668-BE54-9A1E7A4F7556}") = "ConsultingDemo.Entities", "ConsultingDemo.Entities\ConsultingDemo.Entities.csproj", "{C32975CB-0F7B-48B5-812E-775AE964CD4B}"
EndProject
Project("{9A19103F-16F7-4668-BE54-9A1E7A4F7556}") = "ConsultingDemo.DataAccess", "ConsultingDemo.DataAccess\ConsultingDemo.DataAccess.csproj", "{282AB350-4658-467A-9D43-6AA6445651C4}"
EndProject
Project("{9A19103F-16F7-4668-BE54-9A1E7A4F7556}") = "ConsultingDemo.Business", "ConsultingDemo.Business\ConsultingDemo.Business.csproj", "{A19EFB61-8A77-4FD0-A5AA-B345F8D0DD5A}"
EndProject
Project("{FAE04EC0-301F-11D3-BF4B-00C04F79EFBC}") = "ConsultingDemo.WebFormsUI", "ConsultingDemo.WebFormsUI\ConsultingDemo.WebFormsUI.csproj", "{0C52A2FB-E9CA-4478-AA59-2BE7BEB9FD29}"
EndProject
Global
	GlobalSection(SolutionConfigurationPlatforms) = preSolution
		Debug|Any CPU = Debug|Any CPU
		Release|Any CPU = Release|Any CPU
	EndGlobalSection
	GlobalSection(ProjectConfigurationPlatforms) = postSolution
		{B7B8C21C-10F9-43F3-8665-5E3E50D37FB4}.Debug|Any CPU.ActiveCfg = Debug|Any CPU
		{B7B8C21C-10F9-43F3-8665-5E3E50D37FB4}.Debug|Any CPU.Build.0 = Debug|Any CPU
		{B7B8C21C-10F9-43F3-8665-5E3E50D37FB4}.Release|Any CPU.ActiveCfg = Release|Any CPU
		{B7B8C21C-10F9-43F3-8665-5E3E50D37FB4}.Release|Any CPU.Build.0 = Release|Any CPU
		{C32975CB-0F7B-48B5-812E-775AE964CD4B}.Debug|Any CPU.ActiveCfg = Debug|Any CPU
		{C32975CB-0F7B-48B5-812E-775AE964CD4B}.Debug|Any CPU.Build.0 = Debug|Any CPU
		{C32975CB-0F7B-48B5-812E-775AE964CD4B}.Release|Any CPU.ActiveCfg = Release|Any CPU
		{C32975CB-0F7B-48B5-812E-775AE964CD4B}.Release|Any CPU.Build.0 = Release|Any CPU
		{282AB350-4658-467A-9D43-6AA6445651C4}.Debug|Any CPU.ActiveCfg = Debug|Any CPU
		{282AB350-4658-467A-9D43-6AA6445651C4}.Debug|Any CPU.Build.0 = Debug|Any CPU
		{282AB350-4658-467A-9D43-6AA6445651C4}.Release|Any CPU.ActiveCfg = Release|Any CPU
		{282AB350-4658-467A-9D43-6AA6445651C4}.Release|Any CPU.Build.0 = Release|Any CPU
		{A19EFB61-8A77-4FD0-A5AA-B345F8D0DD5A}.Debug|Any CPU.ActiveCfg = Debug|Any CPU
		{A19EFB61-8A77-4FD0-A5AA-B345F8D0DD5A}.Debug|Any CPU.Build.0 = Debug|Any CPU
		{A19EFB61-8A77-4FD0-A5AA-B345F8D0DD5A}.Release|Any CPU.ActiveCfg = Release|Any CPU
		{A19EFB61-8A77-4FD0-A5AA-B345F8D0DD5A}.Release|Any CPU.Build.0 = Release|Any CPU
		{0C52A2FB-E9CA-4478-AA59-2BE7BEB9FD29}.Debug|Any CPU.ActiveCfg = Debug|Any CPU
		{0C52A2FB-E9CA-4478-AA59-2BE7BEB9FD29}.Debug|Any CPU.Build.0 = Debug|Any CPU
		{0C52A2FB-E9CA-4478-AA59-2BE7BEB9FD29}.Release|Any CPU.ActiveCfg = Release|Any CPU
		{0C52A2FB-E9CA-4478-AA59-2BE7BEB9FD29}.Release|Any CPU.Build.0 = Release|Any CPU
	EndGlobalSection
	GlobalSection(SolutionProperties) = preSolution
		HideSolutionNode = FALSE
	EndGlobalSection
	GlobalSection(ExtensibilityGlobals) = postSolution
		SolutionGuid = {39828C66-63EF-43FB-9E1E-4E27C17A88E3}
	EndGlobalSection
EndGlobal
